
Microsoft Visual Studio Solution File, Format Version 12.00
# Visual Studio 15
VisualStudioVersion = 15.0.27309.0
MinimumVisualStudioVersion = 10.0.40219.1
Project("{FAE04EC0-301F-11D3-BF4B-00C04F79EFBC}") = "aspnetapp", "aspnetapp\aspnetapp.csproj", "{CBB8EC37-5492-45CB-8B60-F4AE08DFE0A1}"
EndProject
Global
	GlobalSection(SolutionConfigurationPlatforms) = preSolution
		Debug|Any CPU = Debug|Any CPU
		Release|Any CPU = Release|Any CPU
	EndGlobalSection
	GlobalSection(ProjectConfigurationPlatforms) = postSolution
		{CBB8EC37-5492-45CB-8B60-F4AE08DFE0A1}.Debug|Any CPU.ActiveCfg = Debug|Any CPU
		{CBB8EC37-5492-45CB-8B60-F4AE08DFE0A1}.Debug|Any CPU.Build.0 = Debug|Any CPU
		{CBB8EC37-5492-45CB-8B60-F4AE08DFE0A1}.Release|Any CPU.ActiveCfg = Release|Any CPU
		{CBB8EC37-5492-45CB-8B60-F4AE08DFE0A1}.Release|Any CPU.Build.0 = Release|Any CPU
	EndGlobalSection
	GlobalSection(SolutionProperties) = preSolution
		HideSolutionNode = FALSE
	EndGlobalSection
	GlobalSection(ExtensibilityGlobals) = postSolution
		SolutionGuid = {76608FB8-13E4-4DFF-B608-473C207A310C}
	EndGlobalSection
EndGlobal
