Microsoft Visual Studio Solution File, Format Version 12.00
# Visual Studio 15
VisualStudioVersion = 15.0.27130.2024
MinimumVisualStudioVersion = 15.0.26124.0
Project("{9A19103F-16F7-4668-BE54-9A1E7A4F7556}") = "dotnetapp", "dotnetapp\dotnetapp.csproj", "{259F2C52-7DEC-4614-B0C5-78E9EB133020}"
EndProject
Project("{9A19103F-16F7-4668-BE54-9A1E7A4F7556}") = "tests", "tests\tests.csproj", "{BA3558CF-43BE-4BA9-BE2B-9E014422F018}"
EndProject
Project("{FAE04EC0-301F-11D3-BF4B-00C04F79EFBC}") = "utils", "utils\utils.csproj", "{324FFE0D-0EED-4D4E-8ABA-1EFB7864B5A9}"
EndProject
Global
	GlobalSection(SolutionConfigurationPlatforms) = preSolution
		Debug|Any CPU = Debug|Any CPU
		Debug|x64 = Debug|x64
		Debug|x86 = Debug|x86
		Release|Any CPU = Release|Any CPU
		Release|x64 = Release|x64
		Release|x86 = Release|x86
	EndGlobalSection
	GlobalSection(ProjectConfigurationPlatforms) = postSolution
		{259F2C52-7DEC-4614-B0C5-78E9EB133020}.Debug|Any CPU.ActiveCfg = Debug|Any CPU
		{259F2C52-7DEC-4614-B0C5-78E9EB133020}.Debug|Any CPU.Build.0 = Debug|Any CPU
		{259F2C52-7DEC-4614-B0C5-78E9EB133020}.Debug|x64.ActiveCfg = Debug|Any CPU
		{259F2C52-7DEC-4614-B0C5-78E9EB133020}.Debug|x64.Build.0 = Debug|Any CPU
		{259F2C52-7DEC-4614-B0C5-78E9EB133020}.Debug|x86.ActiveCfg = Debug|Any CPU
		{259F2C52-7DEC-4614-B0C5-78E9EB133020}.Debug|x86.Build.0 = Debug|Any CPU
		{259F2C52-7DEC-4614-B0C5-78E9EB133020}.Release|Any CPU.ActiveCfg = Release|Any CPU
		{259F2C52-7DEC-4614-B0C5-78E9EB133020}.Release|Any CPU.Build.0 = Release|Any CPU
		{259F2C52-7DEC-4614-B0C5-78E9EB133020}.Release|x64.ActiveCfg = Release|Any CPU
		{259F2C52-7DEC-4614-B0C5-78E9EB133020}.Release|x64.Build.0 = Release|Any CPU
		{259F2C52-7DEC-4614-B0C5-78E9EB133020}.Release|x86.ActiveCfg = Release|Any CPU
		{259F2C52-7DEC-4614-B0C5-78E9EB133020}.Release|x86.Build.0 = Release|Any CPU
		{BA3558CF-43BE-4BA9-BE2B-9E014422F018}.Debug|Any CPU.ActiveCfg = Debug|Any CPU
		{BA3558CF-43BE-4BA9-BE2B-9E014422F018}.Debug|Any CPU.Build.0 = Debug|Any CPU
		{BA3558CF-43BE-4BA9-BE2B-9E014422F018}.Debug|x64.ActiveCfg = Debug|Any CPU
		{BA3558CF-43BE-4BA9-BE2B-9E014422F018}.Debug|x64.Build.0 = Debug|Any CPU
		{BA3558CF-43BE-4BA9-BE2B-9E014422F018}.Debug|x86.ActiveCfg = Debug|Any CPU
		{BA3558CF-43BE-4BA9-BE2B-9E014422F018}.Debug|x86.Build.0 = Debug|Any CPU
		{BA3558CF-43BE-4BA9-BE2B-9E014422F018}.Release|Any CPU.ActiveCfg = Release|Any CPU
		{BA3558CF-43BE-4BA9-BE2B-9E014422F018}.Release|Any CPU.Build.0 = Release|Any CPU
		{BA3558CF-43BE-4BA9-BE2B-9E014422F018}.Release|x64.ActiveCfg = Release|Any CPU
		{BA3558CF-43BE-4BA9-BE2B-9E014422F018}.Release|x64.Build.0 = Release|Any CPU
		{BA3558CF-43BE-4BA9-BE2B-9E014422F018}.Release|x86.ActiveCfg = Release|Any CPU
		{BA3558CF-43BE-4BA9-BE2B-9E014422F018}.Release|x86.Build.0 = Release|Any CPU
		{324FFE0D-0EED-4D4E-8ABA-1EFB7864B5A9}.Debug|Any CPU.ActiveCfg = Debug|Any CPU
		{324FFE0D-0EED-4D4E-8ABA-1EFB7864B5A9}.Debug|Any CPU.Build.0 = Debug|Any CPU
		{324FFE0D-0EED-4D4E-8ABA-1EFB7864B5A9}.Debug|x64.ActiveCfg = Debug|Any CPU
		{324FFE0D-0EED-4D4E-8ABA-1EFB7864B5A9}.Debug|x64.Build.0 = Debug|Any CPU
		{324FFE0D-0EED-4D4E-8ABA-1EFB7864B5A9}.Debug|x86.ActiveCfg = Debug|Any CPU
		{324FFE0D-0EED-4D4E-8ABA-1EFB7864B5A9}.Debug|x86.Build.0 = Debug|Any CPU
		{324FFE0D-0EED-4D4E-8ABA-1EFB7864B5A9}.Release|Any CPU.ActiveCfg = Release|Any CPU
		{324FFE0D-0EED-4D4E-8ABA-1EFB7864B5A9}.Release|Any CPU.Build.0 = Release|Any CPU
		{324FFE0D-0EED-4D4E-8ABA-1EFB7864B5A9}.Release|x64.ActiveCfg = Release|Any CPU
		{324FFE0D-0EED-4D4E-8ABA-1EFB7864B5A9}.Release|x64.Build.0 = Release|Any CPU
		{324FFE0D-0EED-4D4E-8ABA-1EFB7864B5A9}.Release|x86.ActiveCfg = Release|Any CPU
		{324FFE0D-0EED-4D4E-8ABA-1EFB7864B5A9}.Release|x86.Build.0 = Release|Any CPU
	EndGlobalSection
	GlobalSection(SolutionProperties) = preSolution
		HideSolutionNode = FALSE
	EndGlobalSection
	GlobalSection(ExtensibilityGlobals) = postSolution
		SolutionGuid = {E6D748AF-78DE-48CE-B69B-A20F6297CB92}
	EndGlobalSection
EndGlobal
